{
    "_readme": [
        "This file locks the dependencies of your project to a known state",
        "Read more about it at https://getcomposer.org/doc/01-basic-usage.md#composer-lock-the-lock-file",
        "This file is @generated automatically"
    ],
    "content-hash": "e74a138ddfd13246daedfb3179e997af",
    "packages": [
        {
            "name": "maslosoft/addendum",
            "version": "5.0.9",
            "source": {
                "type": "git",
                "url": "https://github.com/Maslosoft/Addendum.git",
                "reference": "742751f01c9c531e43395b0894c5a76c3640d670"
            },
            "dist": {
                "type": "zip",
                "url": "https://api.github.com/repos/Maslosoft/Addendum/zipball/742751f01c9c531e43395b0894c5a76c3640d670",
                "reference": "742751f01c9c531e43395b0894c5a76c3640d670",
                "shasum": ""
            },
            "require": {
                "maslosoft/cache": "*",
                "maslosoft/cli-shared": "*",
                "maslosoft/embedi": "*",
                "maslosoft/gazebo": "*",
                "maslosoft/signals": "*",
                "php": ">=5.5.0",
                "psr/log": "~1"
            },
            "require-dev": {
                "maslosoft/addendumtest": "dev-master",
                "maslosoft/hedron": "*"
            },
            "suggest": {
                "monolog/monolog": "Sends your logs to files, sockets, inboxes, databases and various web services"
            },
            "type": "library",
            "autoload": {
                "psr-4": {
                    "Maslosoft\\Addendum\\": "src"
                }
            },
            "notification-url": "https://packagist.org/downloads/",
            "license": [
                "AGPL",
                "Commercial"
            ],
            "authors": [
                {
                    "name": "Peter Maselkowski",
                    "email": "pmaselkowski@gmail.com",
                    "homepage": "http://maslosoft.com",
                    "role": "Developer"
                }
            ],
            "description": "Easy to use php annotations",
            "homepage": "https://maslosoft.com/addendum/",
            "keywords": [
                "addendum",
                "annotation",
                "annotations",
                "metadata"
            ],
            "time": "2017-04-18T21:05:45+00:00"
        },
        {
            "name": "maslosoft/cache",
            "version": "1.0.10",
            "source": {
                "type": "git",
                "url": "https://github.com/Maslosoft/Cache.git",
                "reference": "ada699d175eb79ae9d0698966c8dd11009eae695"
            },
            "dist": {
                "type": "zip",
                "url": "https://api.github.com/repos/Maslosoft/Cache/zipball/ada699d175eb79ae9d0698966c8dd11009eae695",
                "reference": "ada699d175eb79ae9d0698966c8dd11009eae695",
                "shasum": ""
            },
            "require": {
                "maslosoft/embedi": "*"
            },
            "require-dev": {
                "maslosoft/cachetest": "dev-master",
                "maslosoft/hedron": "^1"
            },
            "type": "library",
            "autoload": {
                "psr-4": {
                    "Maslosoft\\Cache\\": "src"
                }
            },
            "notification-url": "https://packagist.org/downloads/",
            "license": [
                "AGPL",
                "Commercial"
            ],
            "authors": [
                {
                    "name": "Peter Maselkowski",
                    "email": "pmaselkowski@gmail.com"
                }
            ],
            "description": "Easy to use, auto configurable, extensible cache provider",
            "homepage": "https://maslosoft.com/cache/",
            "time": "2017-03-09T15:07:48+00:00"
        },
        {
            "name": "maslosoft/cli-shared",
            "version": "0.0.17",
            "source": {
                "type": "git",
                "url": "https://github.com/Maslosoft/CLIShared.git",
                "reference": "484a6e6cbcfa5bdd3d921001c4d5967f479a3c3b"
            },
            "dist": {
                "type": "zip",
                "url": "https://api.github.com/repos/Maslosoft/CLIShared/zipball/484a6e6cbcfa5bdd3d921001c4d5967f479a3c3b",
                "reference": "484a6e6cbcfa5bdd3d921001c4d5967f479a3c3b",
                "shasum": ""
            },
            "require": {
                "psr/log": "^1",
                "symfony/finder": "~3",
                "symfony/yaml": "~3"
            },
            "require-dev": {
                "maslosoft/hedron": "*"
            },
            "type": "library",
            "autoload": {
                "psr-4": {
                    "Maslosoft\\Cli\\Shared\\": "src"
                }
            },
            "notification-url": "https://packagist.org/downloads/",
            "license": [
                "AGPL",
                "Commercial"
            ],
            "authors": [
                {
                    "name": "Peter Maselkowski",
                    "email": "pmaselkowski@gmail.com"
                }
            ],
            "description": "Shared CLI application components",
            "time": "2017-09-12T09:10:31+00:00"
        },
        {
            "name": "maslosoft/embedi",
            "version": "1.1.1",
            "source": {
                "type": "git",
                "url": "https://github.com/Maslosoft/EmbeDi.git",
                "reference": "093bf25421887f4e33280cea2a14cc8fc9dc85fb"
            },
            "dist": {
                "type": "zip",
                "url": "https://api.github.com/repos/Maslosoft/EmbeDi/zipball/093bf25421887f4e33280cea2a14cc8fc9dc85fb",
                "reference": "093bf25421887f4e33280cea2a14cc8fc9dc85fb",
                "shasum": ""
            },
            "require-dev": {
                "maslosoft/embeditest": "dev-master",
                "maslosoft/hedron": "~1",
                "maslosoft/zamm": "dev-master"
            },
            "type": "library",
            "autoload": {
                "psr-4": {
                    "Maslosoft\\EmbeDi\\": "src/"
                }
            },
            "notification-url": "https://packagist.org/downloads/",
            "license": [
                "AGPL",
                "Commercial"
            ],
            "authors": [
                {
                    "name": "Peter Maselkowski",
                    "email": "pmaselkowski@gmail.com",
                    "homepage": "http://maslosoft.com",
                    "role": "Developer"
                }
            ],
            "description": "Embedded DI container",
            "homepage": "https://maslosoft.com/embedi/",
            "time": "2017-05-11T11:25:33+00:00"
        },
        {
            "name": "maslosoft/gazebo",
            "version": "1.1.10",
            "source": {
                "type": "git",
                "url": "https://github.com/Maslosoft/Gazebo.git",
                "reference": "52fac115f308d5f6598b0a51514c86d5e2cb249c"
            },
            "dist": {
                "type": "zip",
                "url": "https://api.github.com/repos/Maslosoft/Gazebo/zipball/52fac115f308d5f6598b0a51514c86d5e2cb249c",
                "reference": "52fac115f308d5f6598b0a51514c86d5e2cb249c",
                "shasum": ""
            },
            "require": {
                "maslosoft/addendum": "*",
                "maslosoft/embedi": "*"
            },
            "require-dev": {
                "maslosoft/gazebotest": "dev-master",
                "maslosoft/hedron": "*"
            },
            "type": "library",
            "autoload": {
                "psr-4": {
                    "Maslosoft\\Gazebo\\": "src"
                }
            },
            "notification-url": "https://packagist.org/downloads/",
            "license": [
                "AGPL",
                "Commercial"
            ],
            "authors": [
                {
                    "name": "Peter Maselkowski",
                    "email": "pmaselkowski@gmail.com"
                }
            ],
            "description": "Plugin container",
            "homepage": "https://maslosoft.com/gazebo/",
            "time": "2017-04-06T21:08:56+00:00"
        },
        {
            "name": "maslosoft/mangan",
            "version": "4.4.18",
            "source": {
                "type": "git",
                "url": "https://github.com/Maslosoft/Mangan.git",
                "reference": "72a5e81873b5397eed68d2176a56fe32069ec18a"
            },
            "dist": {
                "type": "zip",
                "url": "https://api.github.com/repos/Maslosoft/Mangan/zipball/72a5e81873b5397eed68d2176a56fe32069ec18a",
                "reference": "72a5e81873b5397eed68d2176a56fe32069ec18a",
                "shasum": ""
            },
            "require": {
                "ext-gd": "*",
                "maslosoft/addendum": "*",
                "maslosoft/embedi": "*",
                "maslosoft/gazebo": "*",
                "maslosoft/miniview": "*",
                "maslosoft/mongofill": "*",
                "maslosoft/signals": "*",
                "masterexploder/phpthumb": "^2",
                "psr/log": "^1",
                "ptachoire/php-dmtx": "^1",
                "symfony/yaml": "^3"
            },
            "require-dev": {
                "ext-curl": "*",
                "maslosoft/hedron": "*",
                "maslosoft/mangan-examples": "*",
                "maslosoft/mangantest": "dev-master",
                "maslosoft/zamm": "*"
            },
            "suggest": {
                "endroid/qrcode": "Generate QR Codes",
                "khanamiryan/qrcode-detector-decoder": "Decode QR Codes",
                "mongofill/mongofill": "Polyfill of PECL Mongo extension. Required for PHP7",
                "monolog/monolog": "Sends your logs to files, sockets, inboxes, databases and various web services"
            },
            "type": "library",
            "autoload": {
                "psr-4": {
                    "Maslosoft\\Mangan\\": "src/"
                }
            },
            "notification-url": "https://packagist.org/downloads/",
            "license": [
                "AGPL",
                "Commercial"
            ],
            "authors": [
                {
                    "name": "Ianaré Sévi",
                    "role": "Developer"
                },
                {
                    "name": "Dariusz Górecki",
                    "email": "darek.krk@gmail.com",
                    "role": "Developer"
                },
                {
                    "name": "Invenzzia Group",
                    "homepage": "http://www.invenzzia.org",
                    "role": "Developer"
                },
                {
                    "name": "Philippe Gaultier",
                    "email": "pgaultier@ibitux.com",
                    "role": "Developer"
                },
                {
                    "name": "Ibitux",
                    "homepage": "http://www.ibitux.com",
                    "role": "Developer"
                },
                {
                    "name": "CleverIT",
                    "homepage": "http://www.cleverit.com.pl",
                    "role": "Developrt"
                },
                {
                    "name": "Florian Fackler",
                    "email": "florian.fackler@mintao.com",
                    "homepage": "http://mintao.com"
                },
                {
                    "name": "Peter Maselkowski",
                    "email": "pmaselkowski@gmail.com",
                    "homepage": "https://maslosoft.com",
                    "role": "Developer"
                }
            ],
            "description": "MongoDB Object Persister/Document Mapper",
            "homepage": "https://maslosoft.com/mangan/",
            "time": "2017-10-11T12:17:13+00:00"
        },
        {
            "name": "maslosoft/miniview",
            "version": "1.1.1",
            "source": {
                "type": "git",
                "url": "https://github.com/Maslosoft/MiniView.git",
                "reference": "78c1be3a8676698cbc23d23bce0d05c18ccb2d55"
            },
            "dist": {
                "type": "zip",
                "url": "https://api.github.com/repos/Maslosoft/MiniView/zipball/78c1be3a8676698cbc23d23bce0d05c18ccb2d55",
                "reference": "78c1be3a8676698cbc23d23bce0d05c18ccb2d55",
                "shasum": ""
            },
            "require-dev": {
                "codeception/codeception": "*",
                "maslosoft/hedron": "~1"
            },
            "suggest": {
                "latte/latte": "Use tatte templates",
                "twig/twig": "Use twig templates"
            },
            "type": "library",
            "autoload": {
                "psr-4": {
                    "Maslosoft\\MiniView\\": "src/"
                }
            },
            "notification-url": "https://packagist.org/downloads/",
            "license": [
                "AGPL",
                "Commercial"
            ],
            "authors": [
                {
                    "name": "Peter Maselkowski",
                    "email": "pmaselkowski@gmail.com"
                }
            ],
            "description": "Mini view is minimal template rendering library based on Yii controller renderer",
            "homepage": "https://maslosoft.com/miniview/",
            "time": "2017-02-16T07:45:53+00:00"
        },
        {
            "name": "maslosoft/mongofill",
            "version": "0.0.3",
            "source": {
                "type": "git",
                "url": "https://github.com/Maslosoft/mongofill.git",
                "reference": "0020b1c3ef54fbbc84f077063b4556b2eaafb2f4"
            },
            "dist": {
                "type": "zip",
                "url": "https://api.github.com/repos/Maslosoft/mongofill/zipball/0020b1c3ef54fbbc84f077063b4556b2eaafb2f4",
                "reference": "0020b1c3ef54fbbc84f077063b4556b2eaafb2f4",
                "shasum": ""
            },
            "provide": {
                "ext-mongo": "*"
            },
            "require-dev": {
                "athletic/athletic": "dev-master",
                "phpunit/phpunit": "~4.7.7"
            },
            "type": "library",
            "autoload": {
                "classmap": [
                    {
                        "Mongofill": "src/"
                    },
                    {
                        "Mongo": "src/Mongo.php"
                    },
                    {
                        "MongoBinData": "src/MongoBinData.php"
                    },
                    {
                        "MongoClient": "src/MongoClient.php"
                    },
                    {
                        "MongoCode": "src/MongoCode.php"
                    },
                    {
                        "MongoCollection": "src/MongoCollection.php"
                    },
                    {
                        "MongoConnectionException": "src/MongoConnectionException.php"
                    },
                    {
                        "MongoCursor": "src/MongoCursor.php"
                    },
                    {
                        "MongoCursorException": "src/MongoCursorException.php"
                    },
                    {
                        "MongoCursorTimeoutException": "src/MongoCursorTimeoutException.php"
                    },
                    {
                        "MongoDB": "src/MongoDB.php"
                    },
                    {
                        "MongoDBRef": "src/MongoDBRef.php"
                    },
                    {
                        "MongoDate": "src/MongoDate.php"
                    },
                    {
                        "MongoException": "src/MongoException.php"
                    },
                    {
                        "MongoGridFS": "src/MongoGridFS.php"
                    },
                    {
                        "MongoGridFSFile": "src/MongoGridFSFile.php"
                    },
                    {
                        "MongoGridFSException": "src/MongoGridFSException.php"
                    },
                    {
                        "MongoGridFSCursor": "src/MongoGridFSCursor.php"
                    },
                    {
                        "MongoId": "src/MongoId.php"
                    },
                    {
                        "MongoInt32": "src/MongoInt32.php"
                    },
                    {
                        "MongoInt64": "src/MongoInt64.php"
                    },
                    {
                        "MongoLog": "src/MongoLog.php"
                    },
                    {
                        "MongoMaxKey": "src/MongoMaxKey.php"
                    },
                    {
                        "MongoMinKey": "src/MongoMinKey.php"
                    },
                    {
                        "MongoRegex": "src/MongoRegex.php"
                    },
                    {
                        "MongoResultException": "src/MongoResultException.php"
                    },
                    {
                        "MongoTimestamp": "src/MongoTimestamp.php"
                    }
                ],
                "files": [
                    "src/functions.php"
                ]
            },
            "notification-url": "https://packagist.org/downloads/",
            "license": [
                "MIT"
            ],
            "authors": [
                {
                    "name": "Jakub Husák",
                    "email": "husak.j@gmail.com"
                },
                {
                    "name": "Mongofill Community",
                    "homepage": "https://github.com/mongofill/mongofill/graphs/contributors"
                },
                {
                    "name": "Máximo Cuadros",
                    "email": "mcuadros@gmail.com"
                }
            ],
            "description": "Polyfill of PECL Mongo extension",
            "time": "2016-03-09T14:12:38+00:00"
        },
        {
            "name": "maslosoft/signals",
            "version": "2.0.14",
            "source": {
                "type": "git",
                "url": "https://github.com/Maslosoft/Signals.git",
                "reference": "525c77f198ec6c2cd1c88b8bea6a90057ecd1f6c"
            },
            "dist": {
                "type": "zip",
                "url": "https://api.github.com/repos/Maslosoft/Signals/zipball/525c77f198ec6c2cd1c88b8bea6a90057ecd1f6c",
                "reference": "525c77f198ec6c2cd1c88b8bea6a90057ecd1f6c",
                "shasum": ""
            },
            "require": {
                "maslosoft/addendum": "*",
                "maslosoft/cli-shared": "*",
                "maslosoft/embedi": "*",
                "psr/log": "~1",
                "symfony/console": "^3"
            },
            "require-dev": {
                "codeception/codeception": "*",
                "maslosoft/hedron": "*",
                "maslosoft/signalstest": "dev-master",
                "maslosoft/zamm": "*"
            },
            "bin": [
                "signals"
            ],
            "type": "library",
            "autoload": {
                "psr-4": {
                    "Maslosoft\\Signals\\": "src",
                    "Maslosoft\\SignalsExamples\\": "examples"
                }
            },
            "notification-url": "https://packagist.org/downloads/",
            "license": [
                "AGPL",
                "Commercial"
            ],
            "authors": [
                {
                    "name": "Peter Maselkowski",
                    "email": "pmaselkowski@gmail.com",
                    "homepage": "http://maslosoft.com",
                    "role": "Developer"
                }
            ],
            "description": "Wireless Cross-Component Communication",
            "homepage": "https://maslosoft.com/signals/",
            "keywords": [
                "event",
                "events",
                "signal",
                "signals",
                "slot",
                "slots"
            ],
            "time": "2017-08-30T18:57:52+00:00"
        },
        {
            "name": "masterexploder/phpthumb",
            "version": "2.1",
            "source": {
                "type": "git",
                "url": "https://github.com/masterexploder/PHPThumb.git",
                "reference": "01f6aa65aa3d136e175f67da2b4ea3e316770d02"
            },
            "dist": {
                "type": "zip",
                "url": "https://api.github.com/repos/masterexploder/PHPThumb/zipball/01f6aa65aa3d136e175f67da2b4ea3e316770d02",
                "reference": "01f6aa65aa3d136e175f67da2b4ea3e316770d02",
                "shasum": ""
            },
            "require": {
                "php": ">=5.3.0"
            },
            "type": "library",
            "autoload": {
                "psr-0": {
                    "PHPThumb": "src",
                    "PHPThumb\\Tests": "tests"
                }
            },
            "notification-url": "https://packagist.org/downloads/",
            "license": [
                "MIT"
            ],
            "authors": [
                {
                    "name": "Jarrod Nettles",
                    "email": "jarrod.nettles@icloud.com"
                },
                {
                    "name": "Ian Selby",
                    "email": "ian@gxdlabs.com"
                }
            ],
            "description": "A library for manipulating images in PHP.",
            "homepage": "https://github.com/masterexploder/PHPThumb",
            "keywords": [
                "image",
                "resize",
                "rotate"
            ],
            "time": "2015-09-08T22:55:44+00:00"
        },
        {
            "name": "psr/log",
            "version": "1.0.2",
            "source": {
                "type": "git",
                "url": "https://github.com/php-fig/log.git",
                "reference": "4ebe3a8bf773a19edfe0a84b6585ba3d401b724d"
            },
            "dist": {
                "type": "zip",
                "url": "https://api.github.com/repos/php-fig/log/zipball/4ebe3a8bf773a19edfe0a84b6585ba3d401b724d",
                "reference": "4ebe3a8bf773a19edfe0a84b6585ba3d401b724d",
                "shasum": ""
            },
            "require": {
                "php": ">=5.3.0"
            },
            "type": "library",
            "extra": {
                "branch-alias": {
                    "dev-master": "1.0.x-dev"
                }
            },
            "autoload": {
                "psr-4": {
                    "Psr\\Log\\": "Psr/Log/"
                }
            },
            "notification-url": "https://packagist.org/downloads/",
            "license": [
                "MIT"
            ],
            "authors": [
                {
                    "name": "PHP-FIG",
                    "homepage": "http://www.php-fig.org/"
                }
            ],
            "description": "Common interface for logging libraries",
            "homepage": "https://github.com/php-fig/log",
            "keywords": [
                "log",
                "psr",
                "psr-3"
            ],
            "time": "2016-10-10T12:19:37+00:00"
        },
        {
            "name": "ptachoire/php-dmtx",
            "version": "1.0.3",
            "source": {
                "type": "git",
                "url": "https://github.com/krichprollsch/php-dmtx.git",
                "reference": "de35e34fe9223465cb7f52723dbb6d410216f245"
            },
            "dist": {
                "type": "zip",
                "url": "https://api.github.com/repos/krichprollsch/php-dmtx/zipball/de35e34fe9223465cb7f52723dbb6d410216f245",
                "reference": "de35e34fe9223465cb7f52723dbb6d410216f245",
                "shasum": ""
            },
            "require": {
                "symfony/options-resolver": "~2.5",
                "symfony/process": "~2.5"
            },
            "type": "library",
            "autoload": {
                "psr-0": {
                    "Dmtx": "src/"
                }
            },
            "notification-url": "https://packagist.org/downloads/",
            "license": [
                "MIT"
            ],
            "authors": [
                {
                    "name": "Pierre Tachoire",
                    "email": "pierre.tachoire@gmail.com"
                }
            ],
            "description": "Datamatrix r/w based on libdmtx <http://www.libdmtx.org/>",
            "time": "2015-07-15T10:49:04+00:00"
        },
        {
            "name": "symfony/console",
            "version": "v3.3.10",
            "source": {
                "type": "git",
                "url": "https://github.com/symfony/console.git",
                "reference": "116bc56e45a8e5572e51eb43ab58c769a352366c"
            },
            "dist": {
                "type": "zip",
                "url": "https://api.github.com/repos/symfony/console/zipball/116bc56e45a8e5572e51eb43ab58c769a352366c",
                "reference": "116bc56e45a8e5572e51eb43ab58c769a352366c",
                "shasum": ""
            },
            "require": {
                "php": "^5.5.9|>=7.0.8",
                "symfony/debug": "~2.8|~3.0",
                "symfony/polyfill-mbstring": "~1.0"
            },
            "conflict": {
                "symfony/dependency-injection": "<3.3"
            },
            "require-dev": {
                "psr/log": "~1.0",
                "symfony/config": "~3.3",
                "symfony/dependency-injection": "~3.3",
                "symfony/event-dispatcher": "~2.8|~3.0",
                "symfony/filesystem": "~2.8|~3.0",
                "symfony/process": "~2.8|~3.0"
            },
            "suggest": {
                "psr/log": "For using the console logger",
                "symfony/event-dispatcher": "",
                "symfony/filesystem": "",
                "symfony/process": ""
            },
            "type": "library",
            "extra": {
                "branch-alias": {
                    "dev-master": "3.3-dev"
                }
            },
            "autoload": {
                "psr-4": {
                    "Symfony\\Component\\Console\\": ""
                },
                "exclude-from-classmap": [
                    "/Tests/"
                ]
            },
            "notification-url": "https://packagist.org/downloads/",
            "license": [
                "MIT"
            ],
            "authors": [
                {
                    "name": "Fabien Potencier",
                    "email": "fabien@symfony.com"
                },
                {
                    "name": "Symfony Community",
                    "homepage": "https://symfony.com/contributors"
                }
            ],
            "description": "Symfony Console Component",
            "homepage": "https://symfony.com",
            "time": "2017-10-02T06:42:24+00:00"
        },
        {
            "name": "symfony/debug",
            "version": "v3.3.10",
            "source": {
                "type": "git",
                "url": "https://github.com/symfony/debug.git",
                "reference": "eb95d9ce8f18dcc1b3dfff00cb624c402be78ffd"
            },
            "dist": {
                "type": "zip",
                "url": "https://api.github.com/repos/symfony/debug/zipball/eb95d9ce8f18dcc1b3dfff00cb624c402be78ffd",
                "reference": "eb95d9ce8f18dcc1b3dfff00cb624c402be78ffd",
                "shasum": ""
            },
            "require": {
                "php": "^5.5.9|>=7.0.8",
                "psr/log": "~1.0"
            },
            "conflict": {
                "symfony/http-kernel": ">=2.3,<2.3.24|~2.4.0|>=2.5,<2.5.9|>=2.6,<2.6.2"
            },
            "require-dev": {
                "symfony/http-kernel": "~2.8|~3.0"
            },
            "type": "library",
            "extra": {
                "branch-alias": {
                    "dev-master": "3.3-dev"
                }
            },
            "autoload": {
                "psr-4": {
                    "Symfony\\Component\\Debug\\": ""
                },
                "exclude-from-classmap": [
                    "/Tests/"
                ]
            },
            "notification-url": "https://packagist.org/downloads/",
            "license": [
                "MIT"
            ],
            "authors": [
                {
                    "name": "Fabien Potencier",
                    "email": "fabien@symfony.com"
                },
                {
                    "name": "Symfony Community",
                    "homepage": "https://symfony.com/contributors"
                }
            ],
            "description": "Symfony Debug Component",
            "homepage": "https://symfony.com",
            "time": "2017-10-02T06:42:24+00:00"
        },
        {
            "name": "symfony/finder",
            "version": "v3.3.10",
            "source": {
                "type": "git",
                "url": "https://github.com/symfony/finder.git",
                "reference": "773e19a491d97926f236942484cb541560ce862d"
            },
            "dist": {
                "type": "zip",
                "url": "https://api.github.com/repos/symfony/finder/zipball/773e19a491d97926f236942484cb541560ce862d",
                "reference": "773e19a491d97926f236942484cb541560ce862d",
                "shasum": ""
            },
            "require": {
                "php": "^5.5.9|>=7.0.8"
            },
            "type": "library",
            "extra": {
                "branch-alias": {
                    "dev-master": "3.3-dev"
                }
            },
            "autoload": {
                "psr-4": {
                    "Symfony\\Component\\Finder\\": ""
                },
                "exclude-from-classmap": [
                    "/Tests/"
                ]
            },
            "notification-url": "https://packagist.org/downloads/",
            "license": [
                "MIT"
            ],
            "authors": [
                {
                    "name": "Fabien Potencier",
                    "email": "fabien@symfony.com"
                },
                {
                    "name": "Symfony Community",
                    "homepage": "https://symfony.com/contributors"
                }
            ],
            "description": "Symfony Finder Component",
            "homepage": "https://symfony.com",
            "time": "2017-10-02T06:42:24+00:00"
        },
        {
            "name": "symfony/options-resolver",
            "version": "v2.8.28",
            "source": {
                "type": "git",
                "url": "https://github.com/symfony/options-resolver.git",
                "reference": "cdfc29364bfa48304929921461b8d9d937031e87"
            },
            "dist": {
                "type": "zip",
                "url": "https://api.github.com/repos/symfony/options-resolver/zipball/cdfc29364bfa48304929921461b8d9d937031e87",
                "reference": "cdfc29364bfa48304929921461b8d9d937031e87",
                "shasum": ""
            },
            "require": {
                "php": ">=5.3.9"
            },
            "type": "library",
            "extra": {
                "branch-alias": {
                    "dev-master": "2.8-dev"
                }
            },
            "autoload": {
                "psr-4": {
                    "Symfony\\Component\\OptionsResolver\\": ""
                },
                "exclude-from-classmap": [
                    "/Tests/"
                ]
            },
            "notification-url": "https://packagist.org/downloads/",
            "license": [
                "MIT"
            ],
            "authors": [
                {
                    "name": "Fabien Potencier",
                    "email": "fabien@symfony.com"
                },
                {
                    "name": "Symfony Community",
                    "homepage": "https://symfony.com/contributors"
                }
            ],
            "description": "Symfony OptionsResolver Component",
            "homepage": "https://symfony.com",
            "keywords": [
                "config",
                "configuration",
                "options"
            ],
            "time": "2017-09-11T20:39:16+00:00"
        },
        {
            "name": "symfony/polyfill-mbstring",
            "version": "v1.5.0",
            "source": {
                "type": "git",
                "url": "https://github.com/symfony/polyfill-mbstring.git",
                "reference": "7c8fae0ac1d216eb54349e6a8baa57d515fe8803"
            },
            "dist": {
                "type": "zip",
                "url": "https://api.github.com/repos/symfony/polyfill-mbstring/zipball/7c8fae0ac1d216eb54349e6a8baa57d515fe8803",
                "reference": "7c8fae0ac1d216eb54349e6a8baa57d515fe8803",
                "shasum": ""
            },
            "require": {
                "php": ">=5.3.3"
            },
            "suggest": {
                "ext-mbstring": "For best performance"
            },
            "type": "library",
            "extra": {
                "branch-alias": {
                    "dev-master": "1.5-dev"
                }
            },
            "autoload": {
                "psr-4": {
                    "Symfony\\Polyfill\\Mbstring\\": ""
                },
                "files": [
                    "bootstrap.php"
                ]
            },
            "notification-url": "https://packagist.org/downloads/",
            "license": [
                "MIT"
            ],
            "authors": [
                {
                    "name": "Nicolas Grekas",
                    "email": "p@tchwork.com"
                },
                {
                    "name": "Symfony Community",
                    "homepage": "https://symfony.com/contributors"
                }
            ],
            "description": "Symfony polyfill for the Mbstring extension",
            "homepage": "https://symfony.com",
            "keywords": [
                "compatibility",
                "mbstring",
                "polyfill",
                "portable",
                "shim"
            ],
            "time": "2017-06-14T15:44:48+00:00"
        },
        {
            "name": "symfony/process",
            "version": "v2.8.28",
            "source": {
                "type": "git",
                "url": "https://github.com/symfony/process.git",
                "reference": "26c9fb02bf06bd6b90f661a5bd17e510810d0176"
            },
            "dist": {
                "type": "zip",
                "url": "https://api.github.com/repos/symfony/process/zipball/26c9fb02bf06bd6b90f661a5bd17e510810d0176",
                "reference": "26c9fb02bf06bd6b90f661a5bd17e510810d0176",
                "shasum": ""
            },
            "require": {
                "php": ">=5.3.9"
            },
            "type": "library",
            "extra": {
                "branch-alias": {
                    "dev-master": "2.8-dev"
                }
            },
            "autoload": {
                "psr-4": {
                    "Symfony\\Component\\Process\\": ""
                },
                "exclude-from-classmap": [
                    "/Tests/"
                ]
            },
            "notification-url": "https://packagist.org/downloads/",
            "license": [
                "MIT"
            ],
            "authors": [
                {
                    "name": "Fabien Potencier",
                    "email": "fabien@symfony.com"
                },
                {
                    "name": "Symfony Community",
                    "homepage": "https://symfony.com/contributors"
                }
            ],
            "description": "Symfony Process Component",
            "homepage": "https://symfony.com",
            "time": "2017-10-01T21:00:16+00:00"
        },
        {
            "name": "symfony/yaml",
            "version": "v3.3.10",
            "source": {
                "type": "git",
                "url": "https://github.com/symfony/yaml.git",
                "reference": "8c7bf1e7d5d6b05a690b715729cb4cd0c0a99c46"
            },
            "dist": {
                "type": "zip",
                "url": "https://api.github.com/repos/symfony/yaml/zipball/8c7bf1e7d5d6b05a690b715729cb4cd0c0a99c46",
                "reference": "8c7bf1e7d5d6b05a690b715729cb4cd0c0a99c46",
                "shasum": ""
            },
            "require": {
                "php": "^5.5.9|>=7.0.8"
            },
            "require-dev": {
                "symfony/console": "~2.8|~3.0"
            },
            "suggest": {
                "symfony/console": "For validating YAML files using the lint command"
            },
            "type": "library",
            "extra": {
                "branch-alias": {
                    "dev-master": "3.3-dev"
                }
            },
            "autoload": {
                "psr-4": {
                    "Symfony\\Component\\Yaml\\": ""
                },
                "exclude-from-classmap": [
                    "/Tests/"
                ]
            },
            "notification-url": "https://packagist.org/downloads/",
            "license": [
                "MIT"
            ],
            "authors": [
                {
                    "name": "Fabien Potencier",
                    "email": "fabien@symfony.com"
                },
                {
                    "name": "Symfony Community",
                    "homepage": "https://symfony.com/contributors"
                }
            ],
            "description": "Symfony Yaml Component",
            "homepage": "https://symfony.com",
            "time": "2017-10-05T14:43:42+00:00"
        }
    ],
    "packages-dev": [],
    "aliases": [],
    "minimum-stability": "stable",
    "stability-flags": [],
    "prefer-stable": false,
    "prefer-lowest": false,
    "platform": [],
    "platform-dev": []
}
